
Microsoft Visual Studio Solution File, Format Version 12.00
# Visual Studio Version 17
VisualStudioVersion = 17.13.35931.197 d17.13
MinimumVisualStudioVersion = 10.0.40219.1
Project("{FAE04EC0-301F-11D3-BF4B-00C04F79EFBC}") = "Streams, Files and Directories", "Streams, Files and Directories\Streams, Files and Directories.csproj", "{9C650A8C-EBA3-44F5-936F-6D7D912B2B2A}"
EndProject
Global
	GlobalSection(SolutionConfigurationPlatforms) = preSolution
		Debug|Any CPU = Debug|Any CPU
		Release|Any CPU = Release|Any CPU
	EndGlobalSection
	GlobalSection(ProjectConfigurationPlatforms) = postSolution
		{9C650A8C-EBA3-44F5-936F-6D7D912B2B2A}.Debug|Any CPU.ActiveCfg = Debug|Any CPU
		{9C650A8C-EBA3-44F5-936F-6D7D912B2B2A}.Debug|Any CPU.Build.0 = Debug|Any CPU
		{9C650A8C-EBA3-44F5-936F-6D7D912B2B2A}.Release|Any CPU.ActiveCfg = Release|Any CPU
		{9C650A8C-EBA3-44F5-936F-6D7D912B2B2A}.Release|Any CPU.Build.0 = Release|Any CPU
	EndGlobalSection
	GlobalSection(SolutionProperties) = preSolution
		HideSolutionNode = FALSE
	EndGlobalSection
	GlobalSection(ExtensibilityGlobals) = postSolution
		SolutionGuid = {B6FC4C3C-D6CE-4DF5-AB03-C1E2E80663F7}
	EndGlobalSection
EndGlobal
