
Microsoft Visual Studio Solution File, Format Version 12.00
# Visual Studio Version 17
VisualStudioVersion = 17.13.35931.197 d17.13
MinimumVisualStudioVersion = 10.0.40219.1
Project("{FAE04EC0-301F-11D3-BF4B-00C04F79EFBC}") = "02. Center Point", "02. Center Point\02. Center Point.csproj", "{F739223E-83E4-44F5-A293-8F1290D40CAF}"
EndProject
Project("{FAE04EC0-301F-11D3-BF4B-00C04F79EFBC}") = "03. Longer Line", "03. Longer Line\03. Longer Line.csproj", "{BAA87536-C6AA-487A-880C-925BD9F209AB}"
EndProject
Project("{FAE04EC0-301F-11D3-BF4B-00C04F79EFBC}") = "04. Tribonacci Sequence", "04. Tribonacci Sequence\04. Tribonacci Sequence.csproj", "{49F60695-07CE-4442-9649-4A12AC1BBEB0}"
EndProject
Global
	GlobalSection(SolutionConfigurationPlatforms) = preSolution
		Debug|Any CPU = Debug|Any CPU
		Release|Any CPU = Release|Any CPU
	EndGlobalSection
	GlobalSection(ProjectConfigurationPlatforms) = postSolution
		{F739223E-83E4-44F5-A293-8F1290D40CAF}.Debug|Any CPU.ActiveCfg = Debug|Any CPU
		{F739223E-83E4-44F5-A293-8F1290D40CAF}.Debug|Any CPU.Build.0 = Debug|Any CPU
		{F739223E-83E4-44F5-A293-8F1290D40CAF}.Release|Any CPU.ActiveCfg = Release|Any CPU
		{F739223E-83E4-44F5-A293-8F1290D40CAF}.Release|Any CPU.Build.0 = Release|Any CPU
		{BAA87536-C6AA-487A-880C-925BD9F209AB}.Debug|Any CPU.ActiveCfg = Debug|Any CPU
		{BAA87536-C6AA-487A-880C-925BD9F209AB}.Debug|Any CPU.Build.0 = Debug|Any CPU
		{BAA87536-C6AA-487A-880C-925BD9F209AB}.Release|Any CPU.ActiveCfg = Release|Any CPU
		{BAA87536-C6AA-487A-880C-925BD9F209AB}.Release|Any CPU.Build.0 = Release|Any CPU
		{49F60695-07CE-4442-9649-4A12AC1BBEB0}.Debug|Any CPU.ActiveCfg = Debug|Any CPU
		{49F60695-07CE-4442-9649-4A12AC1BBEB0}.Debug|Any CPU.Build.0 = Debug|Any CPU
		{49F60695-07CE-4442-9649-4A12AC1BBEB0}.Release|Any CPU.ActiveCfg = Release|Any CPU
		{49F60695-07CE-4442-9649-4A12AC1BBEB0}.Release|Any CPU.Build.0 = Release|Any CPU
	EndGlobalSection
	GlobalSection(SolutionProperties) = preSolution
		HideSolutionNode = FALSE
	EndGlobalSection
	GlobalSection(ExtensibilityGlobals) = postSolution
		SolutionGuid = {F88F51FC-11B7-4E22-A81A-6C0C2B48A984}
	EndGlobalSection
EndGlobal
