
Microsoft Visual Studio Solution File, Format Version 12.00
# Visual Studio Version 17
VisualStudioVersion = 17.8.34601.278
MinimumVisualStudioVersion = 10.0.40219.1
Project("{9A19103F-16F7-4668-BE54-9A1E7A4F7556}") = "BirthdayGifts.Models", "BirthdayGifts.Models\BirthdayGifts.Models.csproj", "{F8802A2B-EEA8-42F0-A57D-8E0199C110BC}"
EndProject
Project("{FAE04EC0-301F-11D3-BF4B-00C04F79EFBC}") = "BirthdayGifts.Repository", "BirthdayGifts.Repository\BirthdayGifts.Repository.csproj", "{CE2A44C1-4987-7077-6A32-076159CC8678}"
EndProject
Project("{FAE04EC0-301F-11D3-BF4B-00C04F79EFBC}") = "BirthdayGifts.Program", "BirthdayGifts.Program\BirthdayGifts.Program.csproj", "{F1281BB5-EE58-4865-AF37-9D441A8AAB3F}"
	ProjectSection(ProjectDependencies) = postProject
		{CE2A44C1-4987-7077-6A32-076159CC8678} = {CE2A44C1-4987-7077-6A32-076159CC8678}
	EndProjectSection
EndProject
Global
	GlobalSection(SolutionConfigurationPlatforms) = preSolution
		Debug|Any CPU = Debug|Any CPU
		Release|Any CPU = Release|Any CPU
	EndGlobalSection
	GlobalSection(ProjectConfigurationPlatforms) = postSolution
		{F8802A2B-EEA8-42F0-A57D-8E0199C110BC}.Debug|Any CPU.ActiveCfg = Debug|Any CPU
		{F8802A2B-EEA8-42F0-A57D-8E0199C110BC}.Debug|Any CPU.Build.0 = Debug|Any CPU
		{F8802A2B-EEA8-42F0-A57D-8E0199C110BC}.Release|Any CPU.ActiveCfg = Release|Any CPU
		{F8802A2B-EEA8-42F0-A57D-8E0199C110BC}.Release|Any CPU.Build.0 = Release|Any CPU
		{CE2A44C1-4987-7077-6A32-076159CC8678}.Debug|Any CPU.ActiveCfg = Debug|Any CPU
		{CE2A44C1-4987-7077-6A32-076159CC8678}.Debug|Any CPU.Build.0 = Debug|Any CPU
		{CE2A44C1-4987-7077-6A32-076159CC8678}.Release|Any CPU.ActiveCfg = Release|Any CPU
		{CE2A44C1-4987-7077-6A32-076159CC8678}.Release|Any CPU.Build.0 = Release|Any CPU
		{F1281BB5-EE58-4865-AF37-9D441A8AAB3F}.Debug|Any CPU.ActiveCfg = Debug|Any CPU
		{F1281BB5-EE58-4865-AF37-9D441A8AAB3F}.Debug|Any CPU.Build.0 = Debug|Any CPU
		{F1281BB5-EE58-4865-AF37-9D441A8AAB3F}.Release|Any CPU.ActiveCfg = Release|Any CPU
		{F1281BB5-EE58-4865-AF37-9D441A8AAB3F}.Release|Any CPU.Build.0 = Release|Any CPU
	EndGlobalSection
	GlobalSection(SolutionProperties) = preSolution
		HideSolutionNode = FALSE
	EndGlobalSection
	GlobalSection(ExtensibilityGlobals) = postSolution
		SolutionGuid = {AA591581-5F5B-4C46-BF84-AC87E7B38610}
	EndGlobalSection
EndGlobal
