
Microsoft Visual Studio Solution File, Format Version 12.00
# Visual Studio Version 17
VisualStudioVersion = 17.13.35931.197 d17.13
MinimumVisualStudioVersion = 10.0.40219.1
Project("{FAE04EC0-301F-11D3-BF4B-00C04F79EFBC}") = "test", "test\test.csproj", "{5A016F11-345D-402A-867C-35C8D00A85FD}"
EndProject
Global
	GlobalSection(SolutionConfigurationPlatforms) = preSolution
		Debug|Any CPU = Debug|Any CPU
		Release|Any CPU = Release|Any CPU
	EndGlobalSection
	GlobalSection(ProjectConfigurationPlatforms) = postSolution
		{5A016F11-345D-402A-867C-35C8D00A85FD}.Debug|Any CPU.ActiveCfg = Debug|Any CPU
		{5A016F11-345D-402A-867C-35C8D00A85FD}.Debug|Any CPU.Build.0 = Debug|Any CPU
		{5A016F11-345D-402A-867C-35C8D00A85FD}.Release|Any CPU.ActiveCfg = Release|Any CPU
		{5A016F11-345D-402A-867C-35C8D00A85FD}.Release|Any CPU.Build.0 = Release|Any CPU
	EndGlobalSection
	GlobalSection(SolutionProperties) = preSolution
		HideSolutionNode = FALSE
	EndGlobalSection
	GlobalSection(ExtensibilityGlobals) = postSolution
		SolutionGuid = {C449161E-CED9-4E55-82BE-35FB4314E7D3}
	EndGlobalSection
EndGlobal
