
Microsoft Visual Studio Solution File, Format Version 12.00
# Visual Studio Version 17
VisualStudioVersion = 17.13.35931.197 d17.13
MinimumVisualStudioVersion = 10.0.40219.1
Project("{FAE04EC0-301F-11D3-BF4B-00C04F79EFBC}") = "GiftVotingSystem.Models", "GiftVotingSystem.Models\GiftVotingSystem.Models.csproj", "{F3397DDE-15B6-4A44-B11D-561E2FF58EA7}"
EndProject
Global
	GlobalSection(SolutionConfigurationPlatforms) = preSolution
		Debug|Any CPU = Debug|Any CPU
		Release|Any CPU = Release|Any CPU
	EndGlobalSection
	GlobalSection(ProjectConfigurationPlatforms) = postSolution
		{F3397DDE-15B6-4A44-B11D-561E2FF58EA7}.Debug|Any CPU.ActiveCfg = Debug|Any CPU
		{F3397DDE-15B6-4A44-B11D-561E2FF58EA7}.Debug|Any CPU.Build.0 = Debug|Any CPU
		{F3397DDE-15B6-4A44-B11D-561E2FF58EA7}.Release|Any CPU.ActiveCfg = Release|Any CPU
		{F3397DDE-15B6-4A44-B11D-561E2FF58EA7}.Release|Any CPU.Build.0 = Release|Any CPU
	EndGlobalSection
	GlobalSection(SolutionProperties) = preSolution
		HideSolutionNode = FALSE
	EndGlobalSection
	GlobalSection(ExtensibilityGlobals) = postSolution
		SolutionGuid = {017E68CB-EB2E-4E97-A80B-B809DA07D7B2}
	EndGlobalSection
EndGlobal
