
Microsoft Visual Studio Solution File, Format Version 12.00
# Visual Studio Version 17
VisualStudioVersion = 17.13.35931.197 d17.13
MinimumVisualStudioVersion = 10.0.40219.1
Project("{FAE04EC0-301F-11D3-BF4B-00C04F79EFBC}") = "PersonInfo", "PersonInfo\PersonInfo.csproj", "{D6363C45-3EF8-4C5C-9139-7E9A30600E80}"
EndProject
Project("{FAE04EC0-301F-11D3-BF4B-00C04F79EFBC}") = "Telephony", "Telephony\Telephony.csproj", "{96FCC0AA-868D-417E-9838-B958CD001F94}"
EndProject
Project("{FAE04EC0-301F-11D3-BF4B-00C04F79EFBC}") = "Vehicles", "Vehicles\Vehicles.csproj", "{AA0BC1E3-A20C-46F9-92E6-E83EE220D423}"
EndProject
Project("{FAE04EC0-301F-11D3-BF4B-00C04F79EFBC}") = "Raiding", "Raiding\Raiding.csproj", "{4EF738B5-C6E1-42D4-B9DF-B022D0A7151E}"
EndProject
Project("{FAE04EC0-301F-11D3-BF4B-00C04F79EFBC}") = "Logic", "Logic\Logic.csproj", "{CFEE5F75-B1A6-4AAD-AB69-0ABD8D71CAF5}"
EndProject
Global
	GlobalSection(SolutionConfigurationPlatforms) = preSolution
		Debug|Any CPU = Debug|Any CPU
		Release|Any CPU = Release|Any CPU
	EndGlobalSection
	GlobalSection(ProjectConfigurationPlatforms) = postSolution
		{D6363C45-3EF8-4C5C-9139-7E9A30600E80}.Debug|Any CPU.ActiveCfg = Debug|Any CPU
		{D6363C45-3EF8-4C5C-9139-7E9A30600E80}.Debug|Any CPU.Build.0 = Debug|Any CPU
		{D6363C45-3EF8-4C5C-9139-7E9A30600E80}.Release|Any CPU.ActiveCfg = Release|Any CPU
		{D6363C45-3EF8-4C5C-9139-7E9A30600E80}.Release|Any CPU.Build.0 = Release|Any CPU
		{96FCC0AA-868D-417E-9838-B958CD001F94}.Debug|Any CPU.ActiveCfg = Debug|Any CPU
		{96FCC0AA-868D-417E-9838-B958CD001F94}.Debug|Any CPU.Build.0 = Debug|Any CPU
		{96FCC0AA-868D-417E-9838-B958CD001F94}.Release|Any CPU.ActiveCfg = Release|Any CPU
		{96FCC0AA-868D-417E-9838-B958CD001F94}.Release|Any CPU.Build.0 = Release|Any CPU
		{AA0BC1E3-A20C-46F9-92E6-E83EE220D423}.Debug|Any CPU.ActiveCfg = Debug|Any CPU
		{AA0BC1E3-A20C-46F9-92E6-E83EE220D423}.Debug|Any CPU.Build.0 = Debug|Any CPU
		{AA0BC1E3-A20C-46F9-92E6-E83EE220D423}.Release|Any CPU.ActiveCfg = Release|Any CPU
		{AA0BC1E3-A20C-46F9-92E6-E83EE220D423}.Release|Any CPU.Build.0 = Release|Any CPU
		{4EF738B5-C6E1-42D4-B9DF-B022D0A7151E}.Debug|Any CPU.ActiveCfg = Debug|Any CPU
		{4EF738B5-C6E1-42D4-B9DF-B022D0A7151E}.Debug|Any CPU.Build.0 = Debug|Any CPU
		{4EF738B5-C6E1-42D4-B9DF-B022D0A7151E}.Release|Any CPU.ActiveCfg = Release|Any CPU
		{4EF738B5-C6E1-42D4-B9DF-B022D0A7151E}.Release|Any CPU.Build.0 = Release|Any CPU
		{CFEE5F75-B1A6-4AAD-AB69-0ABD8D71CAF5}.Debug|Any CPU.ActiveCfg = Debug|Any CPU
		{CFEE5F75-B1A6-4AAD-AB69-0ABD8D71CAF5}.Debug|Any CPU.Build.0 = Debug|Any CPU
		{CFEE5F75-B1A6-4AAD-AB69-0ABD8D71CAF5}.Release|Any CPU.ActiveCfg = Release|Any CPU
		{CFEE5F75-B1A6-4AAD-AB69-0ABD8D71CAF5}.Release|Any CPU.Build.0 = Release|Any CPU
	EndGlobalSection
	GlobalSection(SolutionProperties) = preSolution
		HideSolutionNode = FALSE
	EndGlobalSection
	GlobalSection(ExtensibilityGlobals) = postSolution
		SolutionGuid = {27894ECD-F68A-4F5C-9D25-956837A25492}
	EndGlobalSection
EndGlobal
