
Microsoft Visual Studio Solution File, Format Version 12.00
# Visual Studio Version 17
VisualStudioVersion = 17.13.35931.197
MinimumVisualStudioVersion = 10.0.40219.1
Project("{FAE04EC0-301F-11D3-BF4B-00C04F79EFBC}") = "Wiki.Models", "Wiki.Models.csproj", "{351217D0-8D8B-9CCD-DD06-4B2C8C709147}"
EndProject
Project("{FAE04EC0-301F-11D3-BF4B-00C04F79EFBC}") = "Wiki.Repository", "..\Wiki.Repository\Wiki.Repository.csproj", "{5EC2CF54-8DF1-46B6-9A81-939F4FCF153A}"
EndProject
Project("{FAE04EC0-301F-11D3-BF4B-00C04F79EFBC}") = "Wiki.App", "..\Wiki.App\Wiki.App.csproj", "{60DAEB23-E8B6-4F51-AC8E-E5DDD3355BAC}"
EndProject
Global
	GlobalSection(SolutionConfigurationPlatforms) = preSolution
		Debug|Any CPU = Debug|Any CPU
		Release|Any CPU = Release|Any CPU
	EndGlobalSection
	GlobalSection(ProjectConfigurationPlatforms) = postSolution
		{351217D0-8D8B-9CCD-DD06-4B2C8C709147}.Debug|Any CPU.ActiveCfg = Debug|Any CPU
		{351217D0-8D8B-9CCD-DD06-4B2C8C709147}.Debug|Any CPU.Build.0 = Debug|Any CPU
		{351217D0-8D8B-9CCD-DD06-4B2C8C709147}.Release|Any CPU.ActiveCfg = Release|Any CPU
		{351217D0-8D8B-9CCD-DD06-4B2C8C709147}.Release|Any CPU.Build.0 = Release|Any CPU
		{5EC2CF54-8DF1-46B6-9A81-939F4FCF153A}.Debug|Any CPU.ActiveCfg = Debug|Any CPU
		{5EC2CF54-8DF1-46B6-9A81-939F4FCF153A}.Debug|Any CPU.Build.0 = Debug|Any CPU
		{5EC2CF54-8DF1-46B6-9A81-939F4FCF153A}.Release|Any CPU.ActiveCfg = Release|Any CPU
		{5EC2CF54-8DF1-46B6-9A81-939F4FCF153A}.Release|Any CPU.Build.0 = Release|Any CPU
		{60DAEB23-E8B6-4F51-AC8E-E5DDD3355BAC}.Debug|Any CPU.ActiveCfg = Debug|Any CPU
		{60DAEB23-E8B6-4F51-AC8E-E5DDD3355BAC}.Debug|Any CPU.Build.0 = Debug|Any CPU
		{60DAEB23-E8B6-4F51-AC8E-E5DDD3355BAC}.Release|Any CPU.ActiveCfg = Release|Any CPU
		{60DAEB23-E8B6-4F51-AC8E-E5DDD3355BAC}.Release|Any CPU.Build.0 = Release|Any CPU
	EndGlobalSection
	GlobalSection(SolutionProperties) = preSolution
		HideSolutionNode = FALSE
	EndGlobalSection
	GlobalSection(ExtensibilityGlobals) = postSolution
		SolutionGuid = {2E99B477-C15F-4259-8AEF-720BFAF34850}
	EndGlobalSection
EndGlobal
